
Microsoft Visual Studio Solution File, Format Version 12.00
# Visual Studio 14
VisualStudioVersion = 14.0.25420.1
MinimumVisualStudioVersion = 10.0.40219.1
Project("{8BC9CEB8-8B4A-11D0-8D11-00A0C91BC942}") = "Test_Project", "Test_Project\Test_Project.vcxproj", "{22416C4B-88FB-44BE-86BE-CC072D9BD6C7}"
EndProject
Project("{8BC9CEB8-8B4A-11D0-8D11-00A0C91BC942}") = "HelloGitHub", "HelloGitHub\HelloGitHub.vcxproj", "{33760E01-506C-459A-A09A-FC193F40E9AA}"
EndProject
Project("{8BC9CEB8-8B4A-11D0-8D11-00A0C91BC942}") = "RandomEnemyGenerator", "RandomEnemyGenerator\RandomEnemyGenerator.vcxproj", "{FBFEF9B1-241C-411F-8E6B-CF3643465735}"
EndProject
Global
	GlobalSection(SolutionConfigurationPlatforms) = preSolution
		Debug|x64 = Debug|x64
		Debug|x86 = Debug|x86
		Release|x64 = Release|x64
		Release|x86 = Release|x86
	EndGlobalSection
	GlobalSection(ProjectConfigurationPlatforms) = postSolution
		{22416C4B-88FB-44BE-86BE-CC072D9BD6C7}.Debug|x64.ActiveCfg = Debug|x64
		{22416C4B-88FB-44BE-86BE-CC072D9BD6C7}.Debug|x64.Build.0 = Debug|x64
		{22416C4B-88FB-44BE-86BE-CC072D9BD6C7}.Debug|x86.ActiveCfg = Debug|Win32
		{22416C4B-88FB-44BE-86BE-CC072D9BD6C7}.Debug|x86.Build.0 = Debug|Win32
		{22416C4B-88FB-44BE-86BE-CC072D9BD6C7}.Release|x64.ActiveCfg = Release|x64
		{22416C4B-88FB-44BE-86BE-CC072D9BD6C7}.Release|x64.Build.0 = Release|x64
		{22416C4B-88FB-44BE-86BE-CC072D9BD6C7}.Release|x86.ActiveCfg = Release|Win32
		{22416C4B-88FB-44BE-86BE-CC072D9BD6C7}.Release|x86.Build.0 = Release|Win32
		{33760E01-506C-459A-A09A-FC193F40E9AA}.Debug|x64.ActiveCfg = Debug|x64
		{33760E01-506C-459A-A09A-FC193F40E9AA}.Debug|x64.Build.0 = Debug|x64
		{33760E01-506C-459A-A09A-FC193F40E9AA}.Debug|x86.ActiveCfg = Debug|Win32
		{33760E01-506C-459A-A09A-FC193F40E9AA}.Debug|x86.Build.0 = Debug|Win32
		{33760E01-506C-459A-A09A-FC193F40E9AA}.Release|x64.ActiveCfg = Release|x64
		{33760E01-506C-459A-A09A-FC193F40E9AA}.Release|x64.Build.0 = Release|x64
		{33760E01-506C-459A-A09A-FC193F40E9AA}.Release|x86.ActiveCfg = Release|Win32
		{33760E01-506C-459A-A09A-FC193F40E9AA}.Release|x86.Build.0 = Release|Win32
		{FBFEF9B1-241C-411F-8E6B-CF3643465735}.Debug|x64.ActiveCfg = Debug|x64
		{FBFEF9B1-241C-411F-8E6B-CF3643465735}.Debug|x64.Build.0 = Debug|x64
		{FBFEF9B1-241C-411F-8E6B-CF3643465735}.Debug|x86.ActiveCfg = Debug|Win32
		{FBFEF9B1-241C-411F-8E6B-CF3643465735}.Debug|x86.Build.0 = Debug|Win32
		{FBFEF9B1-241C-411F-8E6B-CF3643465735}.Release|x64.ActiveCfg = Release|x64
		{FBFEF9B1-241C-411F-8E6B-CF3643465735}.Release|x64.Build.0 = Release|x64
		{FBFEF9B1-241C-411F-8E6B-CF3643465735}.Release|x86.ActiveCfg = Release|Win32
		{FBFEF9B1-241C-411F-8E6B-CF3643465735}.Release|x86.Build.0 = Release|Win32
	EndGlobalSection
	GlobalSection(SolutionProperties) = preSolution
		HideSolutionNode = FALSE
	EndGlobalSection
EndGlobal
