
Microsoft Visual Studio Solution File, Format Version 12.00
# Visual Studio 15
VisualStudioVersion = 15.0.26730.12
MinimumVisualStudioVersion = 10.0.40219.1
Project("{8BC9CEB8-8B4A-11D0-8D11-00A0C91BC942}") = "Test_Project", "Test_Project\Test_Project.vcxproj", "{22416C4B-88FB-44BE-86BE-CC072D9BD6C7}"
EndProject
Project("{8BC9CEB8-8B4A-11D0-8D11-00A0C91BC942}") = "HelloGitHub", "HelloGitHub\HelloGitHub.vcxproj", "{33760E01-506C-459A-A09A-FC193F40E9AA}"
EndProject
Project("{8BC9CEB8-8B4A-11D0-8D11-00A0C91BC942}") = "RandomEnemyGenerator", "RandomEnemyGenerator\RandomEnemyGenerator.vcxproj", "{FBFEF9B1-241C-411F-8E6B-CF3643465735}"
EndProject
Project("{8BC9CEB8-8B4A-11D0-8D11-00A0C91BC942}") = "DynArray", "DynArray\DynArray.vcxproj", "{D6E1DE40-6E51-4BC7-937D-726098F67C11}"
EndProject
Project("{8BC9CEB8-8B4A-11D0-8D11-00A0C91BC942}") = "Test_Project_2", "Test_Project_2\Test_Project_2.vcxproj", "{743AD2F5-839B-4E7B-8499-3EF2B1BECBDD}"
EndProject
Project("{8BC9CEB8-8B4A-11D0-8D11-00A0C91BC942}") = "STL", "STL\STL.vcxproj", "{09293A44-517D-41EE-BE77-02C316D6F6B6}"
EndProject
Project("{8BC9CEB8-8B4A-11D0-8D11-00A0C91BC942}") = "PlayerRanking", "PlayerRanking\PlayerRanking.vcxproj", "{FDCA9D06-9C64-42E5-B67F-C17C3C89DF27}"
EndProject
Project("{8BC9CEB8-8B4A-11D0-8D11-00A0C91BC942}") = "STL deque exercice", "ConsoleApplication1\ConsoleApplication1.vcxproj", "{837EC677-9FEF-4FA6-83CC-519BF31F90FB}"
EndProject
Project("{8BC9CEB8-8B4A-11D0-8D11-00A0C91BC942}") = "STL stack exercice", "STL stack exercice\STL stack exercice.vcxproj", "{1B823758-B50C-49D3-9886-A48B18D76541}"
EndProject
Project("{8BC9CEB8-8B4A-11D0-8D11-00A0C91BC942}") = "STL list exercice", "STL list exercice\STL list exercice.vcxproj", "{72CD34BF-1F95-4858-820F-62677243C4B2}"
EndProject
Project("{8BC9CEB8-8B4A-11D0-8D11-00A0C91BC942}") = "Actividades_Curso2", "A01_Repaso_STL\A01_Repaso_STL.vcxproj", "{8F894CFE-D240-4D8B-82FC-D3F8FCCAAA80}"
EndProject
Global
	GlobalSection(SolutionConfigurationPlatforms) = preSolution
		Debug|Any CPU = Debug|Any CPU
		Debug|x64 = Debug|x64
		Debug|x86 = Debug|x86
		Release|Any CPU = Release|Any CPU
		Release|x64 = Release|x64
		Release|x86 = Release|x86
	EndGlobalSection
	GlobalSection(ProjectConfigurationPlatforms) = postSolution
		{22416C4B-88FB-44BE-86BE-CC072D9BD6C7}.Debug|Any CPU.ActiveCfg = Debug|Win32
		{22416C4B-88FB-44BE-86BE-CC072D9BD6C7}.Debug|x64.ActiveCfg = Debug|x64
		{22416C4B-88FB-44BE-86BE-CC072D9BD6C7}.Debug|x64.Build.0 = Debug|x64
		{22416C4B-88FB-44BE-86BE-CC072D9BD6C7}.Debug|x86.ActiveCfg = Debug|Win32
		{22416C4B-88FB-44BE-86BE-CC072D9BD6C7}.Debug|x86.Build.0 = Debug|Win32
		{22416C4B-88FB-44BE-86BE-CC072D9BD6C7}.Release|Any CPU.ActiveCfg = Release|Win32
		{22416C4B-88FB-44BE-86BE-CC072D9BD6C7}.Release|x64.ActiveCfg = Release|x64
		{22416C4B-88FB-44BE-86BE-CC072D9BD6C7}.Release|x64.Build.0 = Release|x64
		{22416C4B-88FB-44BE-86BE-CC072D9BD6C7}.Release|x86.ActiveCfg = Release|Win32
		{22416C4B-88FB-44BE-86BE-CC072D9BD6C7}.Release|x86.Build.0 = Release|Win32
		{33760E01-506C-459A-A09A-FC193F40E9AA}.Debug|Any CPU.ActiveCfg = Debug|Win32
		{33760E01-506C-459A-A09A-FC193F40E9AA}.Debug|x64.ActiveCfg = Debug|x64
		{33760E01-506C-459A-A09A-FC193F40E9AA}.Debug|x64.Build.0 = Debug|x64
		{33760E01-506C-459A-A09A-FC193F40E9AA}.Debug|x86.ActiveCfg = Debug|Win32
		{33760E01-506C-459A-A09A-FC193F40E9AA}.Debug|x86.Build.0 = Debug|Win32
		{33760E01-506C-459A-A09A-FC193F40E9AA}.Release|Any CPU.ActiveCfg = Release|Win32
		{33760E01-506C-459A-A09A-FC193F40E9AA}.Release|x64.ActiveCfg = Release|x64
		{33760E01-506C-459A-A09A-FC193F40E9AA}.Release|x64.Build.0 = Release|x64
		{33760E01-506C-459A-A09A-FC193F40E9AA}.Release|x86.ActiveCfg = Release|Win32
		{33760E01-506C-459A-A09A-FC193F40E9AA}.Release|x86.Build.0 = Release|Win32
		{FBFEF9B1-241C-411F-8E6B-CF3643465735}.Debug|Any CPU.ActiveCfg = Debug|Win32
		{FBFEF9B1-241C-411F-8E6B-CF3643465735}.Debug|x64.ActiveCfg = Debug|x64
		{FBFEF9B1-241C-411F-8E6B-CF3643465735}.Debug|x64.Build.0 = Debug|x64
		{FBFEF9B1-241C-411F-8E6B-CF3643465735}.Debug|x86.ActiveCfg = Debug|Win32
		{FBFEF9B1-241C-411F-8E6B-CF3643465735}.Debug|x86.Build.0 = Debug|Win32
		{FBFEF9B1-241C-411F-8E6B-CF3643465735}.Release|Any CPU.ActiveCfg = Release|Win32
		{FBFEF9B1-241C-411F-8E6B-CF3643465735}.Release|x64.ActiveCfg = Release|x64
		{FBFEF9B1-241C-411F-8E6B-CF3643465735}.Release|x64.Build.0 = Release|x64
		{FBFEF9B1-241C-411F-8E6B-CF3643465735}.Release|x86.ActiveCfg = Release|Win32
		{FBFEF9B1-241C-411F-8E6B-CF3643465735}.Release|x86.Build.0 = Release|Win32
		{D6E1DE40-6E51-4BC7-937D-726098F67C11}.Debug|Any CPU.ActiveCfg = Debug|Win32
		{D6E1DE40-6E51-4BC7-937D-726098F67C11}.Debug|x64.ActiveCfg = Debug|x64
		{D6E1DE40-6E51-4BC7-937D-726098F67C11}.Debug|x64.Build.0 = Debug|x64
		{D6E1DE40-6E51-4BC7-937D-726098F67C11}.Debug|x86.ActiveCfg = Debug|Win32
		{D6E1DE40-6E51-4BC7-937D-726098F67C11}.Debug|x86.Build.0 = Debug|Win32
		{D6E1DE40-6E51-4BC7-937D-726098F67C11}.Release|Any CPU.ActiveCfg = Release|Win32
		{D6E1DE40-6E51-4BC7-937D-726098F67C11}.Release|x64.ActiveCfg = Release|x64
		{D6E1DE40-6E51-4BC7-937D-726098F67C11}.Release|x64.Build.0 = Release|x64
		{D6E1DE40-6E51-4BC7-937D-726098F67C11}.Release|x86.ActiveCfg = Release|Win32
		{D6E1DE40-6E51-4BC7-937D-726098F67C11}.Release|x86.Build.0 = Release|Win32
		{743AD2F5-839B-4E7B-8499-3EF2B1BECBDD}.Debug|Any CPU.ActiveCfg = Debug|Win32
		{743AD2F5-839B-4E7B-8499-3EF2B1BECBDD}.Debug|x64.ActiveCfg = Debug|x64
		{743AD2F5-839B-4E7B-8499-3EF2B1BECBDD}.Debug|x64.Build.0 = Debug|x64
		{743AD2F5-839B-4E7B-8499-3EF2B1BECBDD}.Debug|x86.ActiveCfg = Debug|Win32
		{743AD2F5-839B-4E7B-8499-3EF2B1BECBDD}.Debug|x86.Build.0 = Debug|Win32
		{743AD2F5-839B-4E7B-8499-3EF2B1BECBDD}.Release|Any CPU.ActiveCfg = Release|Win32
		{743AD2F5-839B-4E7B-8499-3EF2B1BECBDD}.Release|x64.ActiveCfg = Release|x64
		{743AD2F5-839B-4E7B-8499-3EF2B1BECBDD}.Release|x64.Build.0 = Release|x64
		{743AD2F5-839B-4E7B-8499-3EF2B1BECBDD}.Release|x86.ActiveCfg = Release|Win32
		{743AD2F5-839B-4E7B-8499-3EF2B1BECBDD}.Release|x86.Build.0 = Release|Win32
		{09293A44-517D-41EE-BE77-02C316D6F6B6}.Debug|Any CPU.ActiveCfg = Debug|Win32
		{09293A44-517D-41EE-BE77-02C316D6F6B6}.Debug|x64.ActiveCfg = Debug|x64
		{09293A44-517D-41EE-BE77-02C316D6F6B6}.Debug|x64.Build.0 = Debug|x64
		{09293A44-517D-41EE-BE77-02C316D6F6B6}.Debug|x86.ActiveCfg = Debug|Win32
		{09293A44-517D-41EE-BE77-02C316D6F6B6}.Debug|x86.Build.0 = Debug|Win32
		{09293A44-517D-41EE-BE77-02C316D6F6B6}.Release|Any CPU.ActiveCfg = Release|Win32
		{09293A44-517D-41EE-BE77-02C316D6F6B6}.Release|x64.ActiveCfg = Release|x64
		{09293A44-517D-41EE-BE77-02C316D6F6B6}.Release|x64.Build.0 = Release|x64
		{09293A44-517D-41EE-BE77-02C316D6F6B6}.Release|x86.ActiveCfg = Release|Win32
		{09293A44-517D-41EE-BE77-02C316D6F6B6}.Release|x86.Build.0 = Release|Win32
		{FDCA9D06-9C64-42E5-B67F-C17C3C89DF27}.Debug|Any CPU.ActiveCfg = Debug|Win32
		{FDCA9D06-9C64-42E5-B67F-C17C3C89DF27}.Debug|x64.ActiveCfg = Debug|x64
		{FDCA9D06-9C64-42E5-B67F-C17C3C89DF27}.Debug|x64.Build.0 = Debug|x64
		{FDCA9D06-9C64-42E5-B67F-C17C3C89DF27}.Debug|x86.ActiveCfg = Debug|Win32
		{FDCA9D06-9C64-42E5-B67F-C17C3C89DF27}.Debug|x86.Build.0 = Debug|Win32
		{FDCA9D06-9C64-42E5-B67F-C17C3C89DF27}.Release|Any CPU.ActiveCfg = Release|Win32
		{FDCA9D06-9C64-42E5-B67F-C17C3C89DF27}.Release|x64.ActiveCfg = Release|x64
		{FDCA9D06-9C64-42E5-B67F-C17C3C89DF27}.Release|x64.Build.0 = Release|x64
		{FDCA9D06-9C64-42E5-B67F-C17C3C89DF27}.Release|x86.ActiveCfg = Release|Win32
		{FDCA9D06-9C64-42E5-B67F-C17C3C89DF27}.Release|x86.Build.0 = Release|Win32
		{837EC677-9FEF-4FA6-83CC-519BF31F90FB}.Debug|Any CPU.ActiveCfg = Debug|Win32
		{837EC677-9FEF-4FA6-83CC-519BF31F90FB}.Debug|x64.ActiveCfg = Debug|x64
		{837EC677-9FEF-4FA6-83CC-519BF31F90FB}.Debug|x64.Build.0 = Debug|x64
		{837EC677-9FEF-4FA6-83CC-519BF31F90FB}.Debug|x86.ActiveCfg = Debug|Win32
		{837EC677-9FEF-4FA6-83CC-519BF31F90FB}.Debug|x86.Build.0 = Debug|Win32
		{837EC677-9FEF-4FA6-83CC-519BF31F90FB}.Release|Any CPU.ActiveCfg = Release|Win32
		{837EC677-9FEF-4FA6-83CC-519BF31F90FB}.Release|x64.ActiveCfg = Release|x64
		{837EC677-9FEF-4FA6-83CC-519BF31F90FB}.Release|x64.Build.0 = Release|x64
		{837EC677-9FEF-4FA6-83CC-519BF31F90FB}.Release|x86.ActiveCfg = Release|Win32
		{837EC677-9FEF-4FA6-83CC-519BF31F90FB}.Release|x86.Build.0 = Release|Win32
		{1B823758-B50C-49D3-9886-A48B18D76541}.Debug|Any CPU.ActiveCfg = Debug|Win32
		{1B823758-B50C-49D3-9886-A48B18D76541}.Debug|x64.ActiveCfg = Debug|x64
		{1B823758-B50C-49D3-9886-A48B18D76541}.Debug|x64.Build.0 = Debug|x64
		{1B823758-B50C-49D3-9886-A48B18D76541}.Debug|x86.ActiveCfg = Debug|Win32
		{1B823758-B50C-49D3-9886-A48B18D76541}.Debug|x86.Build.0 = Debug|Win32
		{1B823758-B50C-49D3-9886-A48B18D76541}.Release|Any CPU.ActiveCfg = Release|Win32
		{1B823758-B50C-49D3-9886-A48B18D76541}.Release|x64.ActiveCfg = Release|x64
		{1B823758-B50C-49D3-9886-A48B18D76541}.Release|x64.Build.0 = Release|x64
		{1B823758-B50C-49D3-9886-A48B18D76541}.Release|x86.ActiveCfg = Release|Win32
		{1B823758-B50C-49D3-9886-A48B18D76541}.Release|x86.Build.0 = Release|Win32
		{72CD34BF-1F95-4858-820F-62677243C4B2}.Debug|Any CPU.ActiveCfg = Debug|Win32
		{72CD34BF-1F95-4858-820F-62677243C4B2}.Debug|x64.ActiveCfg = Debug|x64
		{72CD34BF-1F95-4858-820F-62677243C4B2}.Debug|x64.Build.0 = Debug|x64
		{72CD34BF-1F95-4858-820F-62677243C4B2}.Debug|x86.ActiveCfg = Debug|Win32
		{72CD34BF-1F95-4858-820F-62677243C4B2}.Debug|x86.Build.0 = Debug|Win32
		{72CD34BF-1F95-4858-820F-62677243C4B2}.Release|Any CPU.ActiveCfg = Release|Win32
		{72CD34BF-1F95-4858-820F-62677243C4B2}.Release|x64.ActiveCfg = Release|x64
		{72CD34BF-1F95-4858-820F-62677243C4B2}.Release|x64.Build.0 = Release|x64
		{72CD34BF-1F95-4858-820F-62677243C4B2}.Release|x86.ActiveCfg = Release|Win32
		{72CD34BF-1F95-4858-820F-62677243C4B2}.Release|x86.Build.0 = Release|Win32
		{8F894CFE-D240-4D8B-82FC-D3F8FCCAAA80}.Debug|Any CPU.ActiveCfg = Debug|Win32
		{8F894CFE-D240-4D8B-82FC-D3F8FCCAAA80}.Debug|x64.ActiveCfg = Debug|x64
		{8F894CFE-D240-4D8B-82FC-D3F8FCCAAA80}.Debug|x64.Build.0 = Debug|x64
		{8F894CFE-D240-4D8B-82FC-D3F8FCCAAA80}.Debug|x86.ActiveCfg = Debug|Win32
		{8F894CFE-D240-4D8B-82FC-D3F8FCCAAA80}.Debug|x86.Build.0 = Debug|Win32
		{8F894CFE-D240-4D8B-82FC-D3F8FCCAAA80}.Release|Any CPU.ActiveCfg = Release|Win32
		{8F894CFE-D240-4D8B-82FC-D3F8FCCAAA80}.Release|x64.ActiveCfg = Release|x64
		{8F894CFE-D240-4D8B-82FC-D3F8FCCAAA80}.Release|x64.Build.0 = Release|x64
		{8F894CFE-D240-4D8B-82FC-D3F8FCCAAA80}.Release|x86.ActiveCfg = Release|Win32
		{8F894CFE-D240-4D8B-82FC-D3F8FCCAAA80}.Release|x86.Build.0 = Release|Win32
	EndGlobalSection
	GlobalSection(SolutionProperties) = preSolution
		HideSolutionNode = FALSE
	EndGlobalSection
	GlobalSection(ExtensibilityGlobals) = postSolution
		SolutionGuid = {6A7BEF44-229F-444B-9022-63A99820E2C5}
	EndGlobalSection
EndGlobal
